// !$*UTF8*$!
{
	archiveVersion = 1;
	classes = {
	};
	objectVersion = 56;
	objects = {

/* Begin PBXBuildFile section */
		7AE2480129565A130004ADBB /* AppDelegate.swift in Sources */ = {isa = PBXBuildFile; fileRef = 7AE2480029565A130004ADBB /* AppDelegate.swift */; };
		7AE2480329565A130004ADBB /* SceneDelegate.swift in Sources */ = {isa = PBXBuildFile; fileRef = 7AE2480229565A130004ADBB /* SceneDelegate.swift */; };
		7AE2480529565A130004ADBB /* RMTabBarController.swift in Sources */ = {isa = PBXBuildFile; fileRef = 7AE2480429565A130004ADBB /* RMTabBarController.swift */; };
		7AE2480A29565A150004ADBB /* Assets.xcassets in Resources */ = {isa = PBXBuildFile; fileRef = 7AE2480929565A150004ADBB /* Assets.xcassets */; };
		7AE2480D29565A150004ADBB /* LaunchScreen.storyboard in Resources */ = {isa = PBXBuildFile; fileRef = 7AE2480B29565A150004ADBB /* LaunchScreen.storyboard */; };
		7AE2481C29565DB80004ADBB /* RMLocation.swift in Sources */ = {isa = PBXBuildFile; fileRef = 7AE2481B29565DB80004ADBB /* RMLocation.swift */; };
		7AE2481E29565DD10004ADBB /* RMCharacter.swift in Sources */ = {isa = PBXBuildFile; fileRef = 7AE2481D29565DD00004ADBB /* RMCharacter.swift */; };
		7AE2482029565DE30004ADBB /* RMEpisode.swift in Sources */ = {isa = PBXBuildFile; fileRef = 7AE2481F29565DE30004ADBB /* RMEpisode.swift */; };
		7AE2482329565E720004ADBB /* RMCharacterViewController.swift in Sources */ = {isa = PBXBuildFile; fileRef = 7AE2482229565E720004ADBB /* RMCharacterViewController.swift */; };
		7AE2482529565E820004ADBB /* RMLocationViewController.swift in Sources */ = {isa = PBXBuildFile; fileRef = 7AE2482429565E820004ADBB /* RMLocationViewController.swift */; };
		7AE2482729565E8D0004ADBB /* RMEpisodeViewController.swift in Sources */ = {isa = PBXBuildFile; fileRef = 7AE2482629565E8D0004ADBB /* RMEpisodeViewController.swift */; };
		7AE2482929565EA40004ADBB /* RMSettingsViewController.swift in Sources */ = {isa = PBXBuildFile; fileRef = 7AE2482829565EA40004ADBB /* RMSettingsViewController.swift */; };
/* End PBXBuildFile section */

/* Begin PBXFileReference section */
		7AE247FD29565A130004ADBB /* Rick&Morty.app */ = {isa = PBXFileReference; explicitFileType = wrapper.application; includeInIndex = 0; path = "Rick&Morty.app"; sourceTree = BUILT_PRODUCTS_DIR; };
		7AE2480029565A130004ADBB /* AppDelegate.swift */ = {isa = PBXFileReference; lastKnownFileType = sourcecode.swift; path = AppDelegate.swift; sourceTree = "<group>"; };
		7AE2480229565A130004ADBB /* SceneDelegate.swift */ = {isa = PBXFileReference; lastKnownFileType = sourcecode.swift; path = SceneDelegate.swift; sourceTree = "<group>"; };
		7AE2480429565A130004ADBB /* RMTabBarController.swift */ = {isa = PBXFileReference; lastKnownFileType = sourcecode.swift; path = RMTabBarController.swift; sourceTree = "<group>"; };
		7AE2480929565A150004ADBB /* Assets.xcassets */ = {isa = PBXFileReference; lastKnownFileType = folder.assetcatalog; path = Assets.xcassets; sourceTree = "<group>"; };
		7AE2480C29565A150004ADBB /* Base */ = {isa = PBXFileReference; lastKnownFileType = file.storyboard; name = Base; path = Base.lproj/LaunchScreen.storyboard; sourceTree = "<group>"; };
		7AE2480E29565A150004ADBB /* Info.plist */ = {isa = PBXFileReference; lastKnownFileType = text.plist.xml; path = Info.plist; sourceTree = "<group>"; };
		7AE2481B29565DB80004ADBB /* RMLocation.swift */ = {isa = PBXFileReference; lastKnownFileType = sourcecode.swift; path = RMLocation.swift; sourceTree = "<group>"; };
		7AE2481D29565DD00004ADBB /* RMCharacter.swift */ = {isa = PBXFileReference; lastKnownFileType = sourcecode.swift; path = RMCharacter.swift; sourceTree = "<group>"; };
		7AE2481F29565DE30004ADBB /* RMEpisode.swift */ = {isa = PBXFileReference; lastKnownFileType = sourcecode.swift; path = RMEpisode.swift; sourceTree = "<group>"; };
		7AE2482229565E720004ADBB /* RMCharacterViewController.swift */ = {isa = PBXFileReference; lastKnownFileType = sourcecode.swift; path = RMCharacterViewController.swift; sourceTree = "<group>"; };
		7AE2482429565E820004ADBB /* RMLocationViewController.swift */ = {isa = PBXFileReference; lastKnownFileType = sourcecode.swift; path = RMLocationViewController.swift; sourceTree = "<group>"; };
		7AE2482629565E8D0004ADBB /* RMEpisodeViewController.swift */ = {isa = PBXFileReference; lastKnownFileType = sourcecode.swift; path = RMEpisodeViewController.swift; sourceTree = "<group>"; };
		7AE2482829565EA40004ADBB /* RMSettingsViewController.swift */ = {isa = PBXFileReference; lastKnownFileType = sourcecode.swift; path = RMSettingsViewController.swift; sourceTree = "<group>"; };
/* End PBXFileReference section */

/* Begin PBXFrameworksBuildPhase section */
		7AE247FA29565A130004ADBB /* Frameworks */ = {
			isa = PBXFrameworksBuildPhase;
			buildActionMask = 2147483647;
			files = (
			);
			runOnlyForDeploymentPostprocessing = 0;
		};
/* End PBXFrameworksBuildPhase section */

/* Begin PBXGroup section */
		7AE247F429565A120004ADBB = {
			isa = PBXGroup;
			children = (
				7AE247FF29565A130004ADBB /* Rick&Morty */,
				7AE247FE29565A130004ADBB /* Products */,
			);
			sourceTree = "<group>";
		};
		7AE247FE29565A130004ADBB /* Products */ = {
			isa = PBXGroup;
			children = (
				7AE247FD29565A130004ADBB /* Rick&Morty.app */,
			);
			name = Products;
			sourceTree = "<group>";
		};
		7AE247FF29565A130004ADBB /* Rick&Morty */ = {
			isa = PBXGroup;
			children = (
				7AE2481A29565CA10004ADBB /* Resources */,
				7AE2481929565C920004ADBB /* Managees */,
				7AE2481829565C860004ADBB /* ApiClient */,
				7AE2481729565C740004ADBB /* ViewModels */,
				7AE2481629565C620004ADBB /* Views */,
				7AE2481529565C570004ADBB /* Models */,
				7AE2481429565C3D0004ADBB /* Controllers */,
				7AE2480E29565A150004ADBB /* Info.plist */,
			);
			path = "Rick&Morty";
			sourceTree = "<group>";
		};
		7AE2481429565C3D0004ADBB /* Controllers */ = {
			isa = PBXGroup;
			children = (
				7AE2482129565E450004ADBB /* Core */,
			);
			path = Controllers;
			sourceTree = "<group>";
		};
		7AE2481529565C570004ADBB /* Models */ = {
			isa = PBXGroup;
			children = (
				7AE2481B29565DB80004ADBB /* RMLocation.swift */,
				7AE2481D29565DD00004ADBB /* RMCharacter.swift */,
				7AE2481F29565DE30004ADBB /* RMEpisode.swift */,
			);
			path = Models;
			sourceTree = "<group>";
		};
		7AE2481629565C620004ADBB /* Views */ = {
			isa = PBXGroup;
			children = (
			);
			path = Views;
			sourceTree = "<group>";
		};
		7AE2481729565C740004ADBB /* ViewModels */ = {
			isa = PBXGroup;
			children = (
			);
			path = ViewModels;
			sourceTree = "<group>";
		};
		7AE2481829565C860004ADBB /* ApiClient */ = {
			isa = PBXGroup;
			children = (
			);
			path = ApiClient;
			sourceTree = "<group>";
		};
		7AE2481929565C920004ADBB /* Managees */ = {
			isa = PBXGroup;
			children = (
			);
			path = Managees;
			sourceTree = "<group>";
		};
		7AE2481A29565CA10004ADBB /* Resources */ = {
			isa = PBXGroup;
			children = (
				7AE2480029565A130004ADBB /* AppDelegate.swift */,
				7AE2480229565A130004ADBB /* SceneDelegate.swift */,
				7AE2480929565A150004ADBB /* Assets.xcassets */,
				7AE2480B29565A150004ADBB /* LaunchScreen.storyboard */,
			);
			path = Resources;
			sourceTree = "<group>";
		};
		7AE2482129565E450004ADBB /* Core */ = {
			isa = PBXGroup;
			children = (
				7AE2480429565A130004ADBB /* RMTabBarController.swift */,
				7AE2482229565E720004ADBB /* RMCharacterViewController.swift */,
				7AE2482429565E820004ADBB /* RMLocationViewController.swift */,
				7AE2482629565E8D0004ADBB /* RMEpisodeViewController.swift */,
				7AE2482829565EA40004ADBB /* RMSettingsViewController.swift */,
			);
			path = Core;
			sourceTree = "<group>";
		};
/* End PBXGroup section */

/* Begin PBXNativeTarget section */
		7AE247FC29565A130004ADBB /* Rick&Morty */ = {
			isa = PBXNativeTarget;
			buildConfigurationList = 7AE2481129565A150004ADBB /* Build configuration list for PBXNativeTarget "Rick&Morty" */;
			buildPhases = (
				7AE247F929565A130004ADBB /* Sources */,
				7AE247FA29565A130004ADBB /* Frameworks */,
				7AE247FB29565A130004ADBB /* Resources */,
			);
			buildRules = (
			);
			dependencies = (
			);
			name = "Rick&Morty";
			productName = "Rick&Morty";
			productReference = 7AE247FD29565A130004ADBB /* Rick&Morty.app */;
			productType = "com.apple.product-type.application";
		};
/* End PBXNativeTarget section */

/* Begin PBXProject section */
		7AE247F529565A130004ADBB /* Project object */ = {
			isa = PBXProject;
			attributes = {
				BuildIndependentTargetsInParallel = 1;
				LastSwiftUpdateCheck = 1410;
				LastUpgradeCheck = 1410;
				TargetAttributes = {
					7AE247FC29565A130004ADBB = {
						CreatedOnToolsVersion = 14.1;
					};
				};
			};
			buildConfigurationList = 7AE247F829565A130004ADBB /* Build configuration list for PBXProject "Rick&Morty" */;
			compatibilityVersion = "Xcode 14.0";
			developmentRegion = en;
			hasScannedForEncodings = 0;
			knownRegions = (
				en,
				Base,
			);
			mainGroup = 7AE247F429565A120004ADBB;
			productRefGroup = 7AE247FE29565A130004ADBB /* Products */;
			projectDirPath = "";
			projectRoot = "";
			targets = (
				7AE247FC29565A130004ADBB /* Rick&Morty */,
			);
		};
/* End PBXProject section */

/* Begin PBXResourcesBuildPhase section */
		7AE247FB29565A130004ADBB /* Resources */ = {
			isa = PBXResourcesBuildPhase;
			buildActionMask = 2147483647;
			files = (
				7AE2480D29565A150004ADBB /* LaunchScreen.storyboard in Resources */,
				7AE2480A29565A150004ADBB /* Assets.xcassets in Resources */,
			);
			runOnlyForDeploymentPostprocessing = 0;
		};
/* End PBXResourcesBuildPhase section */

/* Begin PBXSourcesBuildPhase section */
		7AE247F929565A130004ADBB /* Sources */ = {
			isa = PBXSourcesBuildPhase;
			buildActionMask = 2147483647;
			files = (
				7AE2482529565E820004ADBB /* RMLocationViewController.swift in Sources */,
				7AE2482029565DE30004ADBB /* RMEpisode.swift in Sources */,
				7AE2480529565A130004ADBB /* RMTabBarController.swift in Sources */,
				7AE2482729565E8D0004ADBB /* RMEpisodeViewController.swift in Sources */,
				7AE2480129565A130004ADBB /* AppDelegate.swift in Sources */,
				7AE2480329565A130004ADBB /* SceneDelegate.swift in Sources */,
				7AE2482929565EA40004ADBB /* RMSettingsViewController.swift in Sources */,
				7AE2481C29565DB80004ADBB /* RMLocation.swift in Sources */,
				7AE2481E29565DD10004ADBB /* RMCharacter.swift in Sources */,
				7AE2482329565E720004ADBB /* RMCharacterViewController.swift in Sources */,
			);
			runOnlyForDeploymentPostprocessing = 0;
		};
/* End PBXSourcesBuildPhase section */

/* Begin PBXVariantGroup section */
		7AE2480B29565A150004ADBB /* LaunchScreen.storyboard */ = {
			isa = PBXVariantGroup;
			children = (
				7AE2480C29565A150004ADBB /* Base */,
			);
			name = LaunchScreen.storyboard;
			sourceTree = "<group>";
		};
/* End PBXVariantGroup section */

/* Begin XCBuildConfiguration section */
		7AE2480F29565A150004ADBB /* Debug */ = {
			isa = XCBuildConfiguration;
			buildSettings = {
				ALWAYS_SEARCH_USER_PATHS = NO;
				CLANG_ANALYZER_NONNULL = YES;
				CLANG_ANALYZER_NUMBER_OBJECT_CONVERSION = YES_AGGRESSIVE;
				CLANG_CXX_LANGUAGE_STANDARD = "gnu++20";
				CLANG_ENABLE_MODULES = YES;
				CLANG_ENABLE_OBJC_ARC = YES;
				CLANG_ENABLE_OBJC_WEAK = YES;
				CLANG_WARN_BLOCK_CAPTURE_AUTORELEASING = YES;
				CLANG_WARN_BOOL_CONVERSION = YES;
				CLANG_WARN_COMMA = YES;
				CLANG_WARN_CONSTANT_CONVERSION = YES;
				CLANG_WARN_DEPRECATED_OBJC_IMPLEMENTATIONS = YES;
				CLANG_WARN_DIRECT_OBJC_ISA_USAGE = YES_ERROR;
				CLANG_WARN_DOCUMENTATION_COMMENTS = YES;
				CLANG_WARN_EMPTY_BODY = YES;
				CLANG_WARN_ENUM_CONVERSION = YES;
				CLANG_WARN_INFINITE_RECURSION = YES;
				CLANG_WARN_INT_CONVERSION = YES;
				CLANG_WARN_NON_LITERAL_NULL_CONVERSION = YES;
				CLANG_WARN_OBJC_IMPLICIT_RETAIN_SELF = YES;
				CLANG_WARN_OBJC_LITERAL_CONVERSION = YES;
				CLANG_WARN_OBJC_ROOT_CLASS = YES_ERROR;
				CLANG_WARN_QUOTED_INCLUDE_IN_FRAMEWORK_HEADER = YES;
				CLANG_WARN_RANGE_LOOP_ANALYSIS = YES;
				CLANG_WARN_STRICT_PROTOTYPES = YES;
				CLANG_WARN_SUSPICIOUS_MOVE = YES;
				CLANG_WARN_UNGUARDED_AVAILABILITY = YES_AGGRESSIVE;
				CLANG_WARN_UNREACHABLE_CODE = YES;
				CLANG_WARN__DUPLICATE_METHOD_MATCH = YES;
				COPY_PHASE_STRIP = NO;
				DEBUG_INFORMATION_FORMAT = dwarf;
				ENABLE_STRICT_OBJC_MSGSEND = YES;
				ENABLE_TESTABILITY = YES;
				GCC_C_LANGUAGE_STANDARD = gnu11;
				GCC_DYNAMIC_NO_PIC = NO;
				GCC_NO_COMMON_BLOCKS = YES;
				GCC_OPTIMIZATION_LEVEL = 0;
				GCC_PREPROCESSOR_DEFINITIONS = (
					"DEBUG=1",
					"$(inherited)",
				);
				GCC_WARN_64_TO_32_BIT_CONVERSION = YES;
				GCC_WARN_ABOUT_RETURN_TYPE = YES_ERROR;
				GCC_WARN_UNDECLARED_SELECTOR = YES;
				GCC_WARN_UNINITIALIZED_AUTOS = YES_AGGRESSIVE;
				GCC_WARN_UNUSED_FUNCTION = YES;
				GCC_WARN_UNUSED_VARIABLE = YES;
				IPHONEOS_DEPLOYMENT_TARGET = 16.1;
				MTL_ENABLE_DEBUG_INFO = INCLUDE_SOURCE;
				MTL_FAST_MATH = YES;
				ONLY_ACTIVE_ARCH = YES;
				SDKROOT = iphoneos;
				SWIFT_ACTIVE_COMPILATION_CONDITIONS = DEBUG;
				SWIFT_OPTIMIZATION_LEVEL = "-Onone";
			};
			name = Debug;
		};
		7AE2481029565A150004ADBB /* Release */ = {
			isa = XCBuildConfiguration;
			buildSettings = {
				ALWAYS_SEARCH_USER_PATHS = NO;
				CLANG_ANALYZER_NONNULL = YES;
				CLANG_ANALYZER_NUMBER_OBJECT_CONVERSION = YES_AGGRESSIVE;
				CLANG_CXX_LANGUAGE_STANDARD = "gnu++20";
				CLANG_ENABLE_MODULES = YES;
				CLANG_ENABLE_OBJC_ARC = YES;
				CLANG_ENABLE_OBJC_WEAK = YES;
				CLANG_WARN_BLOCK_CAPTURE_AUTORELEASING = YES;
				CLANG_WARN_BOOL_CONVERSION = YES;
				CLANG_WARN_COMMA = YES;
				CLANG_WARN_CONSTANT_CONVERSION = YES;
				CLANG_WARN_DEPRECATED_OBJC_IMPLEMENTATIONS = YES;
				CLANG_WARN_DIRECT_OBJC_ISA_USAGE = YES_ERROR;
				CLANG_WARN_DOCUMENTATION_COMMENTS = YES;
				CLANG_WARN_EMPTY_BODY = YES;
				CLANG_WARN_ENUM_CONVERSION = YES;
				CLANG_WARN_INFINITE_RECURSION = YES;
				CLANG_WARN_INT_CONVERSION = YES;
				CLANG_WARN_NON_LITERAL_NULL_CONVERSION = YES;
				CLANG_WARN_OBJC_IMPLICIT_RETAIN_SELF = YES;
				CLANG_WARN_OBJC_LITERAL_CONVERSION = YES;
				CLANG_WARN_OBJC_ROOT_CLASS = YES_ERROR;
				CLANG_WARN_QUOTED_INCLUDE_IN_FRAMEWORK_HEADER = YES;
				CLANG_WARN_RANGE_LOOP_ANALYSIS = YES;
				CLANG_WARN_STRICT_PROTOTYPES = YES;
				CLANG_WARN_SUSPICIOUS_MOVE = YES;
				CLANG_WARN_UNGUARDED_AVAILABILITY = YES_AGGRESSIVE;
				CLANG_WARN_UNREACHABLE_CODE = YES;
				CLANG_WARN__DUPLICATE_METHOD_MATCH = YES;
				COPY_PHASE_STRIP = NO;
				DEBUG_INFORMATION_FORMAT = "dwarf-with-dsym";
				ENABLE_NS_ASSERTIONS = NO;
				ENABLE_STRICT_OBJC_MSGSEND = YES;
				GCC_C_LANGUAGE_STANDARD = gnu11;
				GCC_NO_COMMON_BLOCKS = YES;
				GCC_WARN_64_TO_32_BIT_CONVERSION = YES;
				GCC_WARN_ABOUT_RETURN_TYPE = YES_ERROR;
				GCC_WARN_UNDECLARED_SELECTOR = YES;
				GCC_WARN_UNINITIALIZED_AUTOS = YES_AGGRESSIVE;
				GCC_WARN_UNUSED_FUNCTION = YES;
				GCC_WARN_UNUSED_VARIABLE = YES;
				IPHONEOS_DEPLOYMENT_TARGET = 16.1;
				MTL_ENABLE_DEBUG_INFO = NO;
				MTL_FAST_MATH = YES;
				SDKROOT = iphoneos;
				SWIFT_COMPILATION_MODE = wholemodule;
				SWIFT_OPTIMIZATION_LEVEL = "-O";
				VALIDATE_PRODUCT = YES;
			};
			name = Release;
		};
		7AE2481229565A150004ADBB /* Debug */ = {
			isa = XCBuildConfiguration;
			buildSettings = {
				ASSETCATALOG_COMPILER_APPICON_NAME = AppIcon;
				ASSETCATALOG_COMPILER_GLOBAL_ACCENT_COLOR_NAME = AccentColor;
				CODE_SIGN_STYLE = Automatic;
				CURRENT_PROJECT_VERSION = 1;
				DEVELOPMENT_TEAM = TPAXY34MWP;
				GENERATE_INFOPLIST_FILE = YES;
				INFOPLIST_FILE = "Rick&Morty/Info.plist";
				INFOPLIST_KEY_UIApplicationSupportsIndirectInputEvents = YES;
				INFOPLIST_KEY_UILaunchStoryboardName = LaunchScreen;
				INFOPLIST_KEY_UISupportedInterfaceOrientations_iPad = "UIInterfaceOrientationPortrait UIInterfaceOrientationPortraitUpsideDown UIInterfaceOrientationLandscapeLeft UIInterfaceOrientationLandscapeRight";
				INFOPLIST_KEY_UISupportedInterfaceOrientations_iPhone = "UIInterfaceOrientationPortrait UIInterfaceOrientationLandscapeLeft UIInterfaceOrientationLandscapeRight";
				LD_RUNPATH_SEARCH_PATHS = (
					"$(inherited)",
					"@executable_path/Frameworks",
				);
				MARKETING_VERSION = 1.0;
				PRODUCT_BUNDLE_IDENTIFIER = "com.Rick-Morty";
				PRODUCT_NAME = "$(TARGET_NAME)";
				SWIFT_EMIT_LOC_STRINGS = YES;
				SWIFT_VERSION = 5.0;
				TARGETED_DEVICE_FAMILY = "1,2";
			};
			name = Debug;
		};
		7AE2481329565A150004ADBB /* Release */ = {
			isa = XCBuildConfiguration;
			buildSettings = {
				ASSETCATALOG_COMPILER_APPICON_NAME = AppIcon;
				ASSETCATALOG_COMPILER_GLOBAL_ACCENT_COLOR_NAME = AccentColor;
				CODE_SIGN_STYLE = Automatic;
				CURRENT_PROJECT_VERSION = 1;
				DEVELOPMENT_TEAM = TPAXY34MWP;
				GENERATE_INFOPLIST_FILE = YES;
				INFOPLIST_FILE = "Rick&Morty/Info.plist";
				INFOPLIST_KEY_UIApplicationSupportsIndirectInputEvents = YES;
				INFOPLIST_KEY_UILaunchStoryboardName = LaunchScreen;
				INFOPLIST_KEY_UISupportedInterfaceOrientations_iPad = "UIInterfaceOrientationPortrait UIInterfaceOrientationPortraitUpsideDown UIInterfaceOrientationLandscapeLeft UIInterfaceOrientationLandscapeRight";
				INFOPLIST_KEY_UISupportedInterfaceOrientations_iPhone = "UIInterfaceOrientationPortrait UIInterfaceOrientationLandscapeLeft UIInterfaceOrientationLandscapeRight";
				LD_RUNPATH_SEARCH_PATHS = (
					"$(inherited)",
					"@executable_path/Frameworks",
				);
				MARKETING_VERSION = 1.0;
				PRODUCT_BUNDLE_IDENTIFIER = "com.Rick-Morty";
				PRODUCT_NAME = "$(TARGET_NAME)";
				SWIFT_EMIT_LOC_STRINGS = YES;
				SWIFT_VERSION = 5.0;
				TARGETED_DEVICE_FAMILY = "1,2";
			};
			name = Release;
		};
/* End XCBuildConfiguration section */

/* Begin XCConfigurationList section */
		7AE247F829565A130004ADBB /* Build configuration list for PBXProject "Rick&Morty" */ = {
			isa = XCConfigurationList;
			buildConfigurations = (
				7AE2480F29565A150004ADBB /* Debug */,
				7AE2481029565A150004ADBB /* Release */,
			);
			defaultConfigurationIsVisible = 0;
			defaultConfigurationName = Release;
		};
		7AE2481129565A150004ADBB /* Build configuration list for PBXNativeTarget "Rick&Morty" */ = {
			isa = XCConfigurationList;
			buildConfigurations = (
				7AE2481229565A150004ADBB /* Debug */,
				7AE2481329565A150004ADBB /* Release */,
			);
			defaultConfigurationIsVisible = 0;
			defaultConfigurationName = Release;
		};
/* End XCConfigurationList section */
	};
	rootObject = 7AE247F529565A130004ADBB /* Project object */;
}
